// !$*UTF8*$!
{
	archiveVersion = 1;
	classes = {
	};
	objectVersion = 56;
	objects = {

/* Begin PBXBuildFile section */
		CB13C9B12BBC693B00DDB0F9 /* CoreDataTestApp.swift in Sources */ = {isa = PBXBuildFile; fileRef = CB13C9B02BBC693B00DDB0F9 /* CoreDataTestApp.swift */; };
		CB13C9B32BBC693B00DDB0F9 /* ContentView.swift in Sources */ = {isa = PBXBuildFile; fileRef = CB13C9B22BBC693B00DDB0F9 /* ContentView.swift */; };
		CB13C9B52BBC693C00DDB0F9 /* Assets.xcassets in Resources */ = {isa = PBXBuildFile; fileRef = CB13C9B42BBC693C00DDB0F9 /* Assets.xcassets */; };
		CB13C9B82BBC693C00DDB0F9 /* Preview Assets.xcassets in Resources */ = {isa = PBXBuildFile; fileRef = CB13C9B72BBC693C00DDB0F9 /* Preview Assets.xcassets */; };
		CB13C9C22BBC693C00DDB0F9 /* CoreDataTestTests.swift in Sources */ = {isa = PBXBuildFile; fileRef = CB13C9C12BBC693C00DDB0F9 /* CoreDataTestTests.swift */; };
		CB13C9CC2BBC693C00DDB0F9 /* CoreDataTestUITests.swift in Sources */ = {isa = PBXBuildFile; fileRef = CB13C9CB2BBC693C00DDB0F9 /* CoreDataTestUITests.swift */; };
		CB13C9CE2BBC693C00DDB0F9 /* CoreDataTestUITestsLaunchTests.swift in Sources */ = {isa = PBXBuildFile; fileRef = CB13C9CD2BBC693C00DDB0F9 /* CoreDataTestUITestsLaunchTests.swift */; };
		CB13C9DC2BBC695E00DDB0F9 /* FruitsViewModel.swift in Sources */ = {isa = PBXBuildFile; fileRef = CB13C9DB2BBC695E00DDB0F9 /* FruitsViewModel.swift */; };
		CB13C9DF2BBC6A1700DDB0F9 /* FruitsContainer.xcdatamodeld in Sources */ = {isa = PBXBuildFile; fileRef = CB13C9DD2BBC6A1700DDB0F9 /* FruitsContainer.xcdatamodeld */; };
/* End PBXBuildFile section */

/* Begin PBXContainerItemProxy section */
		CB13C9BE2BBC693C00DDB0F9 /* PBXContainerItemProxy */ = {
			isa = PBXContainerItemProxy;
			containerPortal = CB13C9A52BBC693B00DDB0F9 /* Project object */;
			proxyType = 1;
			remoteGlobalIDString = CB13C9AC2BBC693B00DDB0F9;
			remoteInfo = CoreDataTest;
		};
		CB13C9C82BBC693C00DDB0F9 /* PBXContainerItemProxy */ = {
			isa = PBXContainerItemProxy;
			containerPortal = CB13C9A52BBC693B00DDB0F9 /* Project object */;
			proxyType = 1;
			remoteGlobalIDString = CB13C9AC2BBC693B00DDB0F9;
			remoteInfo = CoreDataTest;
		};
/* End PBXContainerItemProxy section */

/* Begin PBXFileReference section */
		CB13C9AD2BBC693B00DDB0F9 /* CoreDataTest.app */ = {isa = PBXFileReference; explicitFileType = wrapper.application; includeInIndex = 0; path = CoreDataTest.app; sourceTree = BUILT_PRODUCTS_DIR; };
		CB13C9B02BBC693B00DDB0F9 /* CoreDataTestApp.swift */ = {isa = PBXFileReference; lastKnownFileType = sourcecode.swift; path = CoreDataTestApp.swift; sourceTree = "<group>"; };
		CB13C9B22BBC693B00DDB0F9 /* ContentView.swift */ = {isa = PBXFileReference; lastKnownFileType = sourcecode.swift; path = ContentView.swift; sourceTree = "<group>"; };
		CB13C9B42BBC693C00DDB0F9 /* Assets.xcassets */ = {isa = PBXFileReference; lastKnownFileType = folder.assetcatalog; path = Assets.xcassets; sourceTree = "<group>"; };
		CB13C9B72BBC693C00DDB0F9 /* Preview Assets.xcassets */ = {isa = PBXFileReference; lastKnownFileType = folder.assetcatalog; path = "Preview Assets.xcassets"; sourceTree = "<group>"; };
		CB13C9BD2BBC693C00DDB0F9 /* CoreDataTestTests.xctest */ = {isa = PBXFileReference; explicitFileType = wrapper.cfbundle; includeInIndex = 0; path = CoreDataTestTests.xctest; sourceTree = BUILT_PRODUCTS_DIR; };
		CB13C9C12BBC693C00DDB0F9 /* CoreDataTestTests.swift */ = {isa = PBXFileReference; lastKnownFileType = sourcecode.swift; path = CoreDataTestTests.swift; sourceTree = "<group>"; };
		CB13C9C72BBC693C00DDB0F9 /* CoreDataTestUITests.xctest */ = {isa = PBXFileReference; explicitFileType = wrapper.cfbundle; includeInIndex = 0; path = CoreDataTestUITests.xctest; sourceTree = BUILT_PRODUCTS_DIR; };
		CB13C9CB2BBC693C00DDB0F9 /* CoreDataTestUITests.swift */ = {isa = PBXFileReference; lastKnownFileType = sourcecode.swift; path = CoreDataTestUITests.swift; sourceTree = "<group>"; };
		CB13C9CD2BBC693C00DDB0F9 /* CoreDataTestUITestsLaunchTests.swift */ = {isa = PBXFileReference; lastKnownFileType = sourcecode.swift; path = CoreDataTestUITestsLaunchTests.swift; sourceTree = "<group>"; };
		CB13C9DB2BBC695E00DDB0F9 /* FruitsViewModel.swift */ = {isa = PBXFileReference; lastKnownFileType = sourcecode.swift; path = FruitsViewModel.swift; sourceTree = "<group>"; };
		CB13C9DE2BBC6A1700DDB0F9 /* FruitsContainer.xcdatamodel */ = {isa = PBXFileReference; lastKnownFileType = wrapper.xcdatamodel; path = FruitsContainer.xcdatamodel; sourceTree = "<group>"; };
/* End PBXFileReference section */

/* Begin PBXFrameworksBuildPhase section */
		CB13C9AA2BBC693B00DDB0F9 /* Frameworks */ = {
			isa = PBXFrameworksBuildPhase;
			buildActionMask = 2147483647;
			files = (
			);
			runOnlyForDeploymentPostprocessing = 0;
		};
		CB13C9BA2BBC693C00DDB0F9 /* Frameworks */ = {
			isa = PBXFrameworksBuildPhase;
			buildActionMask = 2147483647;
			files = (
			);
			runOnlyForDeploymentPostprocessing = 0;
		};
		CB13C9C42BBC693C00DDB0F9 /* Frameworks */ = {
			isa = PBXFrameworksBuildPhase;
			buildActionMask = 2147483647;
			files = (
			);
			runOnlyForDeploymentPostprocessing = 0;
		};
/* End PBXFrameworksBuildPhase section */

/* Begin PBXGroup section */
		CB13C9A42BBC693B00DDB0F9 = {
			isa = PBXGroup;
			children = (
				CB13C9AF2BBC693B00DDB0F9 /* CoreDataTest */,
				CB13C9C02BBC693C00DDB0F9 /* CoreDataTestTests */,
				CB13C9CA2BBC693C00DDB0F9 /* CoreDataTestUITests */,
				CB13C9AE2BBC693B00DDB0F9 /* Products */,
			);
			sourceTree = "<group>";
		};
		CB13C9AE2BBC693B00DDB0F9 /* Products */ = {
			isa = PBXGroup;
			children = (
				CB13C9AD2BBC693B00DDB0F9 /* CoreDataTest.app */,
				CB13C9BD2BBC693C00DDB0F9 /* CoreDataTestTests.xctest */,
				CB13C9C72BBC693C00DDB0F9 /* CoreDataTestUITests.xctest */,
			);
			name = Products;
			sourceTree = "<group>";
		};
		CB13C9AF2BBC693B00DDB0F9 /* CoreDataTest */ = {
			isa = PBXGroup;
			children = (
				CB13C9DA2BBC694700DDB0F9 /* ViewModels */,
				CB13C9B02BBC693B00DDB0F9 /* CoreDataTestApp.swift */,
				CB13C9B22BBC693B00DDB0F9 /* ContentView.swift */,
				CB13C9B42BBC693C00DDB0F9 /* Assets.xcassets */,
				CB13C9B62BBC693C00DDB0F9 /* Preview Content */,
				CB13C9DD2BBC6A1700DDB0F9 /* FruitsContainer.xcdatamodeld */,
			);
			path = CoreDataTest;
			sourceTree = "<group>";
		};
		CB13C9B62BBC693C00DDB0F9 /* Preview Content */ = {
			isa = PBXGroup;
			children = (
				CB13C9B72BBC693C00DDB0F9 /* Preview Assets.xcassets */,
			);
			path = "Preview Content";
			sourceTree = "<group>";
		};
		CB13C9C02BBC693C00DDB0F9 /* CoreDataTestTests */ = {
			isa = PBXGroup;
			children = (
				CB13C9C12BBC693C00DDB0F9 /* CoreDataTestTests.swift */,
			);
			path = CoreDataTestTests;
			sourceTree = "<group>";
		};
		CB13C9CA2BBC693C00DDB0F9 /* CoreDataTestUITests */ = {
			isa = PBXGroup;
			children = (
				CB13C9CB2BBC693C00DDB0F9 /* CoreDataTestUITests.swift */,
				CB13C9CD2BBC693C00DDB0F9 /* CoreDataTestUITestsLaunchTests.swift */,
			);
			path = CoreDataTestUITests;
			sourceTree = "<group>";
		};
		CB13C9DA2BBC694700DDB0F9 /* ViewModels */ = {
			isa = PBXGroup;
			children = (
				CB13C9DB2BBC695E00DDB0F9 /* FruitsViewModel.swift */,
			);
			path = ViewModels;
			sourceTree = "<group>";
		};
/* End PBXGroup section */

/* Begin PBXNativeTarget section */
		CB13C9AC2BBC693B00DDB0F9 /* CoreDataTest */ = {
			isa = PBXNativeTarget;
			buildConfigurationList = CB13C9D12BBC693C00DDB0F9 /* Build configuration list for PBXNativeTarget "CoreDataTest" */;
			buildPhases = (
				CB13C9A92BBC693B00DDB0F9 /* Sources */,
				CB13C9AA2BBC693B00DDB0F9 /* Frameworks */,
				CB13C9AB2BBC693B00DDB0F9 /* Resources */,
			);
			buildRules = (
			);
			dependencies = (
			);
			name = CoreDataTest;
			productName = CoreDataTest;
			productReference = CB13C9AD2BBC693B00DDB0F9 /* CoreDataTest.app */;
			productType = "com.apple.product-type.application";
		};
		CB13C9BC2BBC693C00DDB0F9 /* CoreDataTestTests */ = {
			isa = PBXNativeTarget;
			buildConfigurationList = CB13C9D42BBC693C00DDB0F9 /* Build configuration list for PBXNativeTarget "CoreDataTestTests" */;
			buildPhases = (
				CB13C9B92BBC693C00DDB0F9 /* Sources */,
				CB13C9BA2BBC693C00DDB0F9 /* Frameworks */,
				CB13C9BB2BBC693C00DDB0F9 /* Resources */,
			);
			buildRules = (
			);
			dependencies = (
				CB13C9BF2BBC693C00DDB0F9 /* PBXTargetDependency */,
			);
			name = CoreDataTestTests;
			productName = CoreDataTestTests;
			productReference = CB13C9BD2BBC693C00DDB0F9 /* CoreDataTestTests.xctest */;
			productType = "com.apple.product-type.bundle.unit-test";
		};
		CB13C9C62BBC693C00DDB0F9 /* CoreDataTestUITests */ = {
			isa = PBXNativeTarget;
			buildConfigurationList = CB13C9D72BBC693C00DDB0F9 /* Build configuration list for PBXNativeTarget "CoreDataTestUITests" */;
			buildPhases = (
				CB13C9C32BBC693C00DDB0F9 /* Sources */,
				CB13C9C42BBC693C00DDB0F9 /* Frameworks */,
				CB13C9C52BBC693C00DDB0F9 /* Resources */,
			);
			buildRules = (
			);
			dependencies = (
				CB13C9C92BBC693C00DDB0F9 /* PBXTargetDependency */,
			);
			name = CoreDataTestUITests;
			productName = CoreDataTestUITests;
			productReference = CB13C9C72BBC693C00DDB0F9 /* CoreDataTestUITests.xctest */;
			productType = "com.apple.product-type.bundle.ui-testing";
		};
/* End PBXNativeTarget section */

/* Begin PBXProject section */
		CB13C9A52BBC693B00DDB0F9 /* Project object */ = {
			isa = PBXProject;
			attributes = {
				BuildIndependentTargetsInParallel = 1;
				LastSwiftUpdateCheck = 1530;
				LastUpgradeCheck = 1530;
				TargetAttributes = {
					CB13C9AC2BBC693B00DDB0F9 = {
						CreatedOnToolsVersion = 15.3;
					};
					CB13C9BC2BBC693C00DDB0F9 = {
						CreatedOnToolsVersion = 15.3;
						TestTargetID = CB13C9AC2BBC693B00DDB0F9;
					};
					CB13C9C62BBC693C00DDB0F9 = {
						CreatedOnToolsVersion = 15.3;
						TestTargetID = CB13C9AC2BBC693B00DDB0F9;
					};
				};
			};
			buildConfigurationList = CB13C9A82BBC693B00DDB0F9 /* Build configuration list for PBXProject "CoreDataTest" */;
			compatibilityVersion = "Xcode 14.0";
			developmentRegion = en;
			hasScannedForEncodings = 0;
			knownRegions = (
				en,
				Base,
			);
			mainGroup = CB13C9A42BBC693B00DDB0F9;
			productRefGroup = CB13C9AE2BBC693B00DDB0F9 /* Products */;
			projectDirPath = "";
			projectRoot = "";
			targets = (
				CB13C9AC2BBC693B00DDB0F9 /* CoreDataTest */,
				CB13C9BC2BBC693C00DDB0F9 /* CoreDataTestTests */,
				CB13C9C62BBC693C00DDB0F9 /* CoreDataTestUITests */,
			);
		};
/* End PBXProject section */

/* Begin PBXResourcesBuildPhase section */
		CB13C9AB2BBC693B00DDB0F9 /* Resources */ = {
			isa = PBXResourcesBuildPhase;
			buildActionMask = 2147483647;
			files = (
				CB13C9B82BBC693C00DDB0F9 /* Preview Assets.xcassets in Resources */,
				CB13C9B52BBC693C00DDB0F9 /* Assets.xcassets in Resources */,
			);
			runOnlyForDeploymentPostprocessing = 0;
		};
		CB13C9BB2BBC693C00DDB0F9 /* Resources */ = {
			isa = PBXResourcesBuildPhase;
			buildActionMask = 2147483647;
			files = (
			);
			runOnlyForDeploymentPostprocessing = 0;
		};
		CB13C9C52BBC693C00DDB0F9 /* Resources */ = {
			isa = PBXResourcesBuildPhase;
			buildActionMask = 2147483647;
			files = (
			);
			runOnlyForDeploymentPostprocessing = 0;
		};
/* End PBXResourcesBuildPhase section */

/* Begin PBXSourcesBuildPhase section */
		CB13C9A92BBC693B00DDB0F9 /* Sources */ = {
			isa = PBXSourcesBuildPhase;
			buildActionMask = 2147483647;
			files = (
				CB13C9DF2BBC6A1700DDB0F9 /* FruitsContainer.xcdatamodeld in Sources */,
				CB13C9B32BBC693B00DDB0F9 /* ContentView.swift in Sources */,
				CB13C9B12BBC693B00DDB0F9 /* CoreDataTestApp.swift in Sources */,
				CB13C9DC2BBC695E00DDB0F9 /* FruitsViewModel.swift in Sources */,
			);
			runOnlyForDeploymentPostprocessing = 0;
		};
		CB13C9B92BBC693C00DDB0F9 /* Sources */ = {
			isa = PBXSourcesBuildPhase;
			buildActionMask = 2147483647;
			files = (
				CB13C9C22BBC693C00DDB0F9 /* CoreDataTestTests.swift in Sources */,
			);
			runOnlyForDeploymentPostprocessing = 0;
		};
		CB13C9C32BBC693C00DDB0F9 /* Sources */ = {
			isa = PBXSourcesBuildPhase;
			buildActionMask = 2147483647;
			files = (
				CB13C9CC2BBC693C00DDB0F9 /* CoreDataTestUITests.swift in Sources */,
				CB13C9CE2BBC693C00DDB0F9 /* CoreDataTestUITestsLaunchTests.swift in Sources */,
			);
			runOnlyForDeploymentPostprocessing = 0;
		};
/* End PBXSourcesBuildPhase section */

/* Begin PBXTargetDependency section */
		CB13C9BF2BBC693C00DDB0F9 /* PBXTargetDependency */ = {
			isa = PBXTargetDependency;
			target = CB13C9AC2BBC693B00DDB0F9 /* CoreDataTest */;
			targetProxy = CB13C9BE2BBC693C00DDB0F9 /* PBXContainerItemProxy */;
		};
		CB13C9C92BBC693C00DDB0F9 /* PBXTargetDependency */ = {
			isa = PBXTargetDependency;
			target = CB13C9AC2BBC693B00DDB0F9 /* CoreDataTest */;
			targetProxy = CB13C9C82BBC693C00DDB0F9 /* PBXContainerItemProxy */;
		};
/* End PBXTargetDependency section */

/* Begin XCBuildConfiguration section */
		CB13C9CF2BBC693C00DDB0F9 /* Debug */ = {
			isa = XCBuildConfiguration;
			buildSettings = {
				ALWAYS_SEARCH_USER_PATHS = NO;
				ASSETCATALOG_COMPILER_GENERATE_SWIFT_ASSET_SYMBOL_EXTENSIONS = YES;
				CLANG_ANALYZER_NONNULL = YES;
				CLANG_ANALYZER_NUMBER_OBJECT_CONVERSION = YES_AGGRESSIVE;
				CLANG_CXX_LANGUAGE_STANDARD = "gnu++20";
				CLANG_ENABLE_MODULES = YES;
				CLANG_ENABLE_OBJC_ARC = YES;
				CLANG_ENABLE_OBJC_WEAK = YES;
				CLANG_WARN_BLOCK_CAPTURE_AUTORELEASING = YES;
				CLANG_WARN_BOOL_CONVERSION = YES;
				CLANG_WARN_COMMA = YES;
				CLANG_WARN_CONSTANT_CONVERSION = YES;
				CLANG_WARN_DEPRECATED_OBJC_IMPLEMENTATIONS = YES;
				CLANG_WARN_DIRECT_OBJC_ISA_USAGE = YES_ERROR;
				CLANG_WARN_DOCUMENTATION_COMMENTS = YES;
				CLANG_WARN_EMPTY_BODY = YES;
				CLANG_WARN_ENUM_CONVERSION = YES;
				CLANG_WARN_INFINITE_RECURSION = YES;
				CLANG_WARN_INT_CONVERSION = YES;
				CLANG_WARN_NON_LITERAL_NULL_CONVERSION = YES;
				CLANG_WARN_OBJC_IMPLICIT_RETAIN_SELF = YES;
				CLANG_WARN_OBJC_LITERAL_CONVERSION = YES;
				CLANG_WARN_OBJC_ROOT_CLASS = YES_ERROR;
				CLANG_WARN_QUOTED_INCLUDE_IN_FRAMEWORK_HEADER = YES;
				CLANG_WARN_RANGE_LOOP_ANALYSIS = YES;
				CLANG_WARN_STRICT_PROTOTYPES = YES;
				CLANG_WARN_SUSPICIOUS_MOVE = YES;
				CLANG_WARN_UNGUARDED_AVAILABILITY = YES_AGGRESSIVE;
				CLANG_WARN_UNREACHABLE_CODE = YES;
				CLANG_WARN__DUPLICATE_METHOD_MATCH = YES;
				COPY_PHASE_STRIP = NO;
				DEBUG_INFORMATION_FORMAT = dwarf;
				ENABLE_STRICT_OBJC_MSGSEND = YES;
				ENABLE_TESTABILITY = YES;
				ENABLE_USER_SCRIPT_SANDBOXING = YES;
				GCC_C_LANGUAGE_STANDARD = gnu17;
				GCC_DYNAMIC_NO_PIC = NO;
				GCC_NO_COMMON_BLOCKS = YES;
				GCC_OPTIMIZATION_LEVEL = 0;
				GCC_PREPROCESSOR_DEFINITIONS = (
					"DEBUG=1",
					"$(inherited)",
				);
				GCC_WARN_64_TO_32_BIT_CONVERSION = YES;
				GCC_WARN_ABOUT_RETURN_TYPE = YES_ERROR;
				GCC_WARN_UNDECLARED_SELECTOR = YES;
				GCC_WARN_UNINITIALIZED_AUTOS = YES_AGGRESSIVE;
				GCC_WARN_UNUSED_FUNCTION = YES;
				GCC_WARN_UNUSED_VARIABLE = YES;
				IPHONEOS_DEPLOYMENT_TARGET = 17.4;
				LOCALIZATION_PREFERS_STRING_CATALOGS = YES;
				MTL_ENABLE_DEBUG_INFO = INCLUDE_SOURCE;
				MTL_FAST_MATH = YES;
				ONLY_ACTIVE_ARCH = YES;
				SDKROOT = iphoneos;
				SWIFT_ACTIVE_COMPILATION_CONDITIONS = "DEBUG $(inherited)";
				SWIFT_OPTIMIZATION_LEVEL = "-Onone";
			};
			name = Debug;
		};
		CB13C9D02BBC693C00DDB0F9 /* Release */ = {
			isa = XCBuildConfiguration;
			buildSettings = {
				ALWAYS_SEARCH_USER_PATHS = NO;
				ASSETCATALOG_COMPILER_GENERATE_SWIFT_ASSET_SYMBOL_EXTENSIONS = YES;
				CLANG_ANALYZER_NONNULL = YES;
				CLANG_ANALYZER_NUMBER_OBJECT_CONVERSION = YES_AGGRESSIVE;
				CLANG_CXX_LANGUAGE_STANDARD = "gnu++20";
				CLANG_ENABLE_MODULES = YES;
				CLANG_ENABLE_OBJC_ARC = YES;
				CLANG_ENABLE_OBJC_WEAK = YES;
				CLANG_WARN_BLOCK_CAPTURE_AUTORELEASING = YES;
				CLANG_WARN_BOOL_CONVERSION = YES;
				CLANG_WARN_COMMA = YES;
				CLANG_WARN_CONSTANT_CONVERSION = YES;
				CLANG_WARN_DEPRECATED_OBJC_IMPLEMENTATIONS = YES;
				CLANG_WARN_DIRECT_OBJC_ISA_USAGE = YES_ERROR;
				CLANG_WARN_DOCUMENTATION_COMMENTS = YES;
				CLANG_WARN_EMPTY_BODY = YES;
				CLANG_WARN_ENUM_CONVERSION = YES;
				CLANG_WARN_INFINITE_RECURSION = YES;
				CLANG_WARN_INT_CONVERSION = YES;
				CLANG_WARN_NON_LITERAL_NULL_CONVERSION = YES;
				CLANG_WARN_OBJC_IMPLICIT_RETAIN_SELF = YES;
				CLANG_WARN_OBJC_LITERAL_CONVERSION = YES;
				CLANG_WARN_OBJC_ROOT_CLASS = YES_ERROR;
				CLANG_WARN_QUOTED_INCLUDE_IN_FRAMEWORK_HEADER = YES;
				CLANG_WARN_RANGE_LOOP_ANALYSIS = YES;
				CLANG_WARN_STRICT_PROTOTYPES = YES;
				CLANG_WARN_SUSPICIOUS_MOVE = YES;
				CLANG_WARN_UNGUARDED_AVAILABILITY = YES_AGGRESSIVE;
				CLANG_WARN_UNREACHABLE_CODE = YES;
				CLANG_WARN__DUPLICATE_METHOD_MATCH = YES;
				COPY_PHASE_STRIP = NO;
				DEBUG_INFORMATION_FORMAT = "dwarf-with-dsym";
				ENABLE_NS_ASSERTIONS = NO;
				ENABLE_STRICT_OBJC_MSGSEND = YES;
				ENABLE_USER_SCRIPT_SANDBOXING = YES;
				GCC_C_LANGUAGE_STANDARD = gnu17;
				GCC_NO_COMMON_BLOCKS = YES;
				GCC_WARN_64_TO_32_BIT_CONVERSION = YES;
				GCC_WARN_ABOUT_RETURN_TYPE = YES_ERROR;
				GCC_WARN_UNDECLARED_SELECTOR = YES;
				GCC_WARN_UNINITIALIZED_AUTOS = YES_AGGRESSIVE;
				GCC_WARN_UNUSED_FUNCTION = YES;
				GCC_WARN_UNUSED_VARIABLE = YES;
				IPHONEOS_DEPLOYMENT_TARGET = 17.4;
				LOCALIZATION_PREFERS_STRING_CATALOGS = YES;
				MTL_ENABLE_DEBUG_INFO = NO;
				MTL_FAST_MATH = YES;
				SDKROOT = iphoneos;
				SWIFT_COMPILATION_MODE = wholemodule;
				VALIDATE_PRODUCT = YES;
			};
			name = Release;
		};
		CB13C9D22BBC693C00DDB0F9 /* Debug */ = {
			isa = XCBuildConfiguration;
			buildSettings = {
				ASSETCATALOG_COMPILER_APPICON_NAME = AppIcon;
				ASSETCATALOG_COMPILER_GLOBAL_ACCENT_COLOR_NAME = AccentColor;
				CODE_SIGN_STYLE = Automatic;
				CURRENT_PROJECT_VERSION = 1;
				DEVELOPMENT_ASSET_PATHS = "\"CoreDataTest/Preview Content\"";
				ENABLE_PREVIEWS = YES;
				GENERATE_INFOPLIST_FILE = YES;
				INFOPLIST_KEY_UIApplicationSceneManifest_Generation = YES;
				INFOPLIST_KEY_UIApplicationSupportsIndirectInputEvents = YES;
				INFOPLIST_KEY_UILaunchScreen_Generation = YES;
				INFOPLIST_KEY_UISupportedInterfaceOrientations_iPad = "UIInterfaceOrientationPortrait UIInterfaceOrientationPortraitUpsideDown UIInterfaceOrientationLandscapeLeft UIInterfaceOrientationLandscapeRight";
				INFOPLIST_KEY_UISupportedInterfaceOrientations_iPhone = "UIInterfaceOrientationPortrait UIInterfaceOrientationLandscapeLeft UIInterfaceOrientationLandscapeRight";
				LD_RUNPATH_SEARCH_PATHS = (
					"$(inherited)",
					"@executable_path/Frameworks",
				);
				MARKETING_VERSION = 1.0;
				PRODUCT_BUNDLE_IDENTIFIER = com.nakeer.CoreDataTest;
				PRODUCT_NAME = "$(TARGET_NAME)";
				SWIFT_EMIT_LOC_STRINGS = YES;
				SWIFT_VERSION = 5.0;
				TARGETED_DEVICE_FAMILY = "1,2";
			};
			name = Debug;
		};
		CB13C9D32BBC693C00DDB0F9 /* Release */ = {
			isa = XCBuildConfiguration;
			buildSettings = {
				ASSETCATALOG_COMPILER_APPICON_NAME = AppIcon;
				ASSETCATALOG_COMPILER_GLOBAL_ACCENT_COLOR_NAME = AccentColor;
				CODE_SIGN_STYLE = Automatic;
				CURRENT_PROJECT_VERSION = 1;
				DEVELOPMENT_ASSET_PATHS = "\"CoreDataTest/Preview Content\"";
				ENABLE_PREVIEWS = YES;
				GENERATE_INFOPLIST_FILE = YES;
				INFOPLIST_KEY_UIApplicationSceneManifest_Generation = YES;
				INFOPLIST_KEY_UIApplicationSupportsIndirectInputEvents = YES;
				INFOPLIST_KEY_UILaunchScreen_Generation = YES;
				INFOPLIST_KEY_UISupportedInterfaceOrientations_iPad = "UIInterfaceOrientationPortrait UIInterfaceOrientationPortraitUpsideDown UIInterfaceOrientationLandscapeLeft UIInterfaceOrientationLandscapeRight";
				INFOPLIST_KEY_UISupportedInterfaceOrientations_iPhone = "UIInterfaceOrientationPortrait UIInterfaceOrientationLandscapeLeft UIInterfaceOrientationLandscapeRight";
				LD_RUNPATH_SEARCH_PATHS = (
					"$(inherited)",
					"@executable_path/Frameworks",
				);
				MARKETING_VERSION = 1.0;
				PRODUCT_BUNDLE_IDENTIFIER = com.nakeer.CoreDataTest;
				PRODUCT_NAME = "$(TARGET_NAME)";
				SWIFT_EMIT_LOC_STRINGS = YES;
				SWIFT_VERSION = 5.0;
				TARGETED_DEVICE_FAMILY = "1,2";
			};
			name = Release;
		};
		CB13C9D52BBC693C00DDB0F9 /* Debug */ = {
			isa = XCBuildConfiguration;
			buildSettings = {
				ALWAYS_EMBED_SWIFT_STANDARD_LIBRARIES = YES;
				BUNDLE_LOADER = "$(TEST_HOST)";
				CODE_SIGN_STYLE = Automatic;
				CURRENT_PROJECT_VERSION = 1;
				GENERATE_INFOPLIST_FILE = YES;
				IPHONEOS_DEPLOYMENT_TARGET = 17.4;
				MARKETING_VERSION = 1.0;
				PRODUCT_BUNDLE_IDENTIFIER = com.nakeer.CoreDataTestTests;
				PRODUCT_NAME = "$(TARGET_NAME)";
				SWIFT_EMIT_LOC_STRINGS = NO;
				SWIFT_VERSION = 5.0;
				TARGETED_DEVICE_FAMILY = "1,2";
				TEST_HOST = "$(BUILT_PRODUCTS_DIR)/CoreDataTest.app/$(BUNDLE_EXECUTABLE_FOLDER_PATH)/CoreDataTest";
			};
			name = Debug;
		};
		CB13C9D62BBC693C00DDB0F9 /* Release */ = {
			isa = XCBuildConfiguration;
			buildSettings = {
				ALWAYS_EMBED_SWIFT_STANDARD_LIBRARIES = YES;
				BUNDLE_LOADER = "$(TEST_HOST)";
				CODE_SIGN_STYLE = Automatic;
				CURRENT_PROJECT_VERSION = 1;
				GENERATE_INFOPLIST_FILE = YES;
				IPHONEOS_DEPLOYMENT_TARGET = 17.4;
				MARKETING_VERSION = 1.0;
				PRODUCT_BUNDLE_IDENTIFIER = com.nakeer.CoreDataTestTests;
				PRODUCT_NAME = "$(TARGET_NAME)";
				SWIFT_EMIT_LOC_STRINGS = NO;
				SWIFT_VERSION = 5.0;
				TARGETED_DEVICE_FAMILY = "1,2";
				TEST_HOST = "$(BUILT_PRODUCTS_DIR)/CoreDataTest.app/$(BUNDLE_EXECUTABLE_FOLDER_PATH)/CoreDataTest";
			};
			name = Release;
		};
		CB13C9D82BBC693C00DDB0F9 /* Debug */ = {
			isa = XCBuildConfiguration;
			buildSettings = {
				ALWAYS_EMBED_SWIFT_STANDARD_LIBRARIES = YES;
				CODE_SIGN_STYLE = Automatic;
				CURRENT_PROJECT_VERSION = 1;
				GENERATE_INFOPLIST_FILE = YES;
				MARKETING_VERSION = 1.0;
				PRODUCT_BUNDLE_IDENTIFIER = com.nakeer.CoreDataTestUITests;
				PRODUCT_NAME = "$(TARGET_NAME)";
				SWIFT_EMIT_LOC_STRINGS = NO;
				SWIFT_VERSION = 5.0;
				TARGETED_DEVICE_FAMILY = "1,2";
				TEST_TARGET_NAME = CoreDataTest;
			};
			name = Debug;
		};
		CB13C9D92BBC693C00DDB0F9 /* Release */ = {
			isa = XCBuildConfiguration;
			buildSettings = {
				ALWAYS_EMBED_SWIFT_STANDARD_LIBRARIES = YES;
				CODE_SIGN_STYLE = Automatic;
				CURRENT_PROJECT_VERSION = 1;
				GENERATE_INFOPLIST_FILE = YES;
				MARKETING_VERSION = 1.0;
				PRODUCT_BUNDLE_IDENTIFIER = com.nakeer.CoreDataTestUITests;
				PRODUCT_NAME = "$(TARGET_NAME)";
				SWIFT_EMIT_LOC_STRINGS = NO;
				SWIFT_VERSION = 5.0;
				TARGETED_DEVICE_FAMILY = "1,2";
				TEST_TARGET_NAME = CoreDataTest;
			};
			name = Release;
		};
/* End XCBuildConfiguration section */

/* Begin XCConfigurationList section */
		CB13C9A82BBC693B00DDB0F9 /* Build configuration list for PBXProject "CoreDataTest" */ = {
			isa = XCConfigurationList;
			buildConfigurations = (
				CB13C9CF2BBC693C00DDB0F9 /* Debug */,
				CB13C9D02BBC693C00DDB0F9 /* Release */,
			);
			defaultConfigurationIsVisible = 0;
			defaultConfigurationName = Release;
		};
		CB13C9D12BBC693C00DDB0F9 /* Build configuration list for PBXNativeTarget "CoreDataTest" */ = {
			isa = XCConfigurationList;
			buildConfigurations = (
				CB13C9D22BBC693C00DDB0F9 /* Debug */,
				CB13C9D32BBC693C00DDB0F9 /* Release */,
			);
			defaultConfigurationIsVisible = 0;
			defaultConfigurationName = Release;
		};
		CB13C9D42BBC693C00DDB0F9 /* Build configuration list for PBXNativeTarget "CoreDataTestTests" */ = {
			isa = XCConfigurationList;
			buildConfigurations = (
				CB13C9D52BBC693C00DDB0F9 /* Debug */,
				CB13C9D62BBC693C00DDB0F9 /* Release */,
			);
			defaultConfigurationIsVisible = 0;
			defaultConfigurationName = Release;
		};
		CB13C9D72BBC693C00DDB0F9 /* Build configuration list for PBXNativeTarget "CoreDataTestUITests" */ = {
			isa = XCConfigurationList;
			buildConfigurations = (
				CB13C9D82BBC693C00DDB0F9 /* Debug */,
				CB13C9D92BBC693C00DDB0F9 /* Release */,
			);
			defaultConfigurationIsVisible = 0;
			defaultConfigurationName = Release;
		};
/* End XCConfigurationList section */

/* Begin XCVersionGroup section */
		CB13C9DD2BBC6A1700DDB0F9 /* FruitsContainer.xcdatamodeld */ = {
			isa = XCVersionGroup;
			children = (
				CB13C9DE2BBC6A1700DDB0F9 /* FruitsContainer.xcdatamodel */,
			);
			currentVersion = CB13C9DE2BBC6A1700DDB0F9 /* FruitsContainer.xcdatamodel */;
			name = FruitsContainer.xcdatamodeld;
			path = "/Users/naveenkeerthy/ios-projects/SwiftUI/CoreDataTest/CoreDataTest/FruitsContainer.xcdatamodeld";
			sourceTree = "<group>";
			versionGroupType = wrapper.xcdatamodel;
		};
/* End XCVersionGroup section */
	};
	rootObject = CB13C9A52BBC693B00DDB0F9 /* Project object */;
}
